// !$*UTF8*$!
{
	archiveVersion = 1;
	classes = {
	};
	objectVersion = 46;
	objects = {

/* Begin PBXBuildFile section */
		3B4F80971F7584BD004C182B /* AppDelegate.swift in Sources */ = {isa = PBXBuildFile; fileRef = 3B4F80961F7584BD004C182B /* AppDelegate.swift */; };
		3B4F80991F7584BD004C182B /* ViewController.swift in Sources */ = {isa = PBXBuildFile; fileRef = 3B4F80981F7584BD004C182B /* ViewController.swift */; };
		3B4F809C1F7584BD004C182B /* Main.storyboard in Resources */ = {isa = PBXBuildFile; fileRef = 3B4F809A1F7584BD004C182B /* Main.storyboard */; };
		3B4F809E1F7584BD004C182B /* Assets.xcassets in Resources */ = {isa = PBXBuildFile; fileRef = 3B4F809D1F7584BD004C182B /* Assets.xcassets */; };
		3B4F80A11F7584BD004C182B /* LaunchScreen.storyboard in Resources */ = {isa = PBXBuildFile; fileRef = 3B4F809F1F7584BD004C182B /* LaunchScreen.storyboard */; };
		3B4F80AC1F7584BD004C182B /* splytTests.swift in Sources */ = {isa = PBXBuildFile; fileRef = 3B4F80AB1F7584BD004C182B /* splytTests.swift */; };
		3B4F80B71F7584BD004C182B /* splytUITests.swift in Sources */ = {isa = PBXBuildFile; fileRef = 3B4F80B61F7584BD004C182B /* splytUITests.swift */; };
/* End PBXBuildFile section */

/* Begin PBXContainerItemProxy section */
		3B4F80A81F7584BD004C182B /* PBXContainerItemProxy */ = {
			isa = PBXContainerItemProxy;
			containerPortal = 3B4F808B1F7584BC004C182B /* Project object */;
			proxyType = 1;
			remoteGlobalIDString = 3B4F80921F7584BC004C182B;
			remoteInfo = splyt;
		};
		3B4F80B31F7584BD004C182B /* PBXContainerItemProxy */ = {
			isa = PBXContainerItemProxy;
			containerPortal = 3B4F808B1F7584BC004C182B /* Project object */;
			proxyType = 1;
			remoteGlobalIDString = 3B4F80921F7584BC004C182B;
			remoteInfo = splyt;
		};
/* End PBXContainerItemProxy section */

/* Begin PBXFileReference section */
		3B4F80931F7584BD004C182B /* splyt.app */ = {isa = PBXFileReference; explicitFileType = wrapper.application; includeInIndex = 0; path = splyt.app; sourceTree = BUILT_PRODUCTS_DIR; };
		3B4F80961F7584BD004C182B /* AppDelegate.swift */ = {isa = PBXFileReference; lastKnownFileType = sourcecode.swift; path = AppDelegate.swift; sourceTree = "<group>"; };
		3B4F80981F7584BD004C182B /* ViewController.swift */ = {isa = PBXFileReference; lastKnownFileType = sourcecode.swift; path = ViewController.swift; sourceTree = "<group>"; };
		3B4F809B1F7584BD004C182B /* Base */ = {isa = PBXFileReference; lastKnownFileType = file.storyboard; name = Base; path = Base.lproj/Main.storyboard; sourceTree = "<group>"; };
		3B4F809D1F7584BD004C182B /* Assets.xcassets */ = {isa = PBXFileReference; lastKnownFileType = folder.assetcatalog; path = Assets.xcassets; sourceTree = "<group>"; };
		3B4F80A01F7584BD004C182B /* Base */ = {isa = PBXFileReference; lastKnownFileType = file.storyboard; name = Base; path = Base.lproj/LaunchScreen.storyboard; sourceTree = "<group>"; };
		3B4F80A21F7584BD004C182B /* Info.plist */ = {isa = PBXFileReference; lastKnownFileType = text.plist.xml; path = Info.plist; sourceTree = "<group>"; };
		3B4F80A71F7584BD004C182B /* splytTests.xctest */ = {isa = PBXFileReference; explicitFileType = wrapper.cfbundle; includeInIndex = 0; path = splytTests.xctest; sourceTree = BUILT_PRODUCTS_DIR; };
		3B4F80AB1F7584BD004C182B /* splytTests.swift */ = {isa = PBXFileReference; lastKnownFileType = sourcecode.swift; path = splytTests.swift; sourceTree = "<group>"; };
		3B4F80AD1F7584BD004C182B /* Info.plist */ = {isa = PBXFileReference; lastKnownFileType = text.plist.xml; path = Info.plist; sourceTree = "<group>"; };
		3B4F80B21F7584BD004C182B /* splytUITests.xctest */ = {isa = PBXFileReference; explicitFileType = wrapper.cfbundle; includeInIndex = 0; path = splytUITests.xctest; sourceTree = BUILT_PRODUCTS_DIR; };
		3B4F80B61F7584BD004C182B /* splytUITests.swift */ = {isa = PBXFileReference; lastKnownFileType = sourcecode.swift; path = splytUITests.swift; sourceTree = "<group>"; };
		3B4F80B81F7584BD004C182B /* Info.plist */ = {isa = PBXFileReference; lastKnownFileType = text.plist.xml; path = Info.plist; sourceTree = "<group>"; };
/* End PBXFileReference section */

/* Begin PBXFrameworksBuildPhase section */
		3B4F80901F7584BC004C182B /* Frameworks */ = {
			isa = PBXFrameworksBuildPhase;
			buildActionMask = 2147483647;
			files = (
			);
			runOnlyForDeploymentPostprocessing = 0;
		};
		3B4F80A41F7584BD004C182B /* Frameworks */ = {
			isa = PBXFrameworksBuildPhase;
			buildActionMask = 2147483647;
			files = (
			);
			runOnlyForDeploymentPostprocessing = 0;
		};
		3B4F80AF1F7584BD004C182B /* Frameworks */ = {
			isa = PBXFrameworksBuildPhase;
			buildActionMask = 2147483647;
			files = (
			);
			runOnlyForDeploymentPostprocessing = 0;
		};
/* End PBXFrameworksBuildPhase section */

/* Begin PBXGroup section */
		3B4F808A1F7584BC004C182B = {
			isa = PBXGroup;
			children = (
				3B4F80951F7584BD004C182B /* splyt */,
				3B4F80AA1F7584BD004C182B /* splytTests */,
				3B4F80B51F7584BD004C182B /* splytUITests */,
				3B4F80941F7584BD004C182B /* Products */,
			);
			sourceTree = "<group>";
		};
		3B4F80941F7584BD004C182B /* Products */ = {
			isa = PBXGroup;
			children = (
				3B4F80931F7584BD004C182B /* splyt.app */,
				3B4F80A71F7584BD004C182B /* splytTests.xctest */,
				3B4F80B21F7584BD004C182B /* splytUITests.xctest */,
			);
			name = Products;
			sourceTree = "<group>";
		};
		3B4F80951F7584BD004C182B /* splyt */ = {
			isa = PBXGroup;
			children = (
				3B4F80961F7584BD004C182B /* AppDelegate.swift */,
				3B4F80981F7584BD004C182B /* ViewController.swift */,
				3B4F809A1F7584BD004C182B /* Main.storyboard */,
				3B4F809D1F7584BD004C182B /* Assets.xcassets */,
				3B4F809F1F7584BD004C182B /* LaunchScreen.storyboard */,
				3B4F80A21F7584BD004C182B /* Info.plist */,
			);
			path = splyt;
			sourceTree = "<group>";
		};
		3B4F80AA1F7584BD004C182B /* splytTests */ = {
			isa = PBXGroup;
			children = (
				3B4F80AB1F7584BD004C182B /* splytTests.swift */,
				3B4F80AD1F7584BD004C182B /* Info.plist */,
			);
			path = splytTests;
			sourceTree = "<group>";
		};
		3B4F80B51F7584BD004C182B /* splytUITests */ = {
			isa = PBXGroup;
			children = (
				3B4F80B61F7584BD004C182B /* splytUITests.swift */,
				3B4F80B81F7584BD004C182B /* Info.plist */,
			);
			path = splytUITests;
			sourceTree = "<group>";
		};
/* End PBXGroup section */

/* Begin PBXNativeTarget section */
		3B4F80921F7584BC004C182B /* splyt */ = {
			isa = PBXNativeTarget;
			buildConfigurationList = 3B4F80BB1F7584BD004C182B /* Build configuration list for PBXNativeTarget "splyt" */;
			buildPhases = (
				3B4F808F1F7584BC004C182B /* Sources */,
				3B4F80901F7584BC004C182B /* Frameworks */,
				3B4F80911F7584BC004C182B /* Resources */,
			);
			buildRules = (
			);
			dependencies = (
			);
			name = splyt;
			productName = splyt;
			productReference = 3B4F80931F7584BD004C182B /* splyt.app */;
			productType = "com.apple.product-type.application";
		};
		3B4F80A61F7584BD004C182B /* splytTests */ = {
			isa = PBXNativeTarget;
			buildConfigurationList = 3B4F80BE1F7584BD004C182B /* Build configuration list for PBXNativeTarget "splytTests" */;
			buildPhases = (
				3B4F80A31F7584BD004C182B /* Sources */,
				3B4F80A41F7584BD004C182B /* Frameworks */,
				3B4F80A51F7584BD004C182B /* Resources */,
			);
			buildRules = (
			);
			dependencies = (
				3B4F80A91F7584BD004C182B /* PBXTargetDependency */,
			);
			name = splytTests;
			productName = splytTests;
			productReference = 3B4F80A71F7584BD004C182B /* splytTests.xctest */;
			productType = "com.apple.product-type.bundle.unit-test";
		};
		3B4F80B11F7584BD004C182B /* splytUITests */ = {
			isa = PBXNativeTarget;
			buildConfigurationList = 3B4F80C11F7584BD004C182B /* Build configuration list for PBXNativeTarget "splytUITests" */;
			buildPhases = (
				3B4F80AE1F7584BD004C182B /* Sources */,
				3B4F80AF1F7584BD004C182B /* Frameworks */,
				3B4F80B01F7584BD004C182B /* Resources */,
			);
			buildRules = (
			);
			dependencies = (
				3B4F80B41F7584BD004C182B /* PBXTargetDependency */,
			);
			name = splytUITests;
			productName = splytUITests;
			productReference = 3B4F80B21F7584BD004C182B /* splytUITests.xctest */;
			productType = "com.apple.product-type.bundle.ui-testing";
		};
/* End PBXNativeTarget section */

/* Begin PBXProject section */
		3B4F808B1F7584BC004C182B /* Project object */ = {
			isa = PBXProject;
			attributes = {
				LastSwiftUpdateCheck = 0820;
				LastUpgradeCheck = 0820;
				ORGANIZATIONNAME = "Anil Kapoor";
				TargetAttributes = {
					3B4F80921F7584BC004C182B = {
						CreatedOnToolsVersion = 8.2.1;
						ProvisioningStyle = Automatic;
					};
					3B4F80A61F7584BD004C182B = {
						CreatedOnToolsVersion = 8.2.1;
						ProvisioningStyle = Automatic;
						TestTargetID = 3B4F80921F7584BC004C182B;
					};
					3B4F80B11F7584BD004C182B = {
						CreatedOnToolsVersion = 8.2.1;
						ProvisioningStyle = Automatic;
						TestTargetID = 3B4F80921F7584BC004C182B;
					};
				};
			};
			buildConfigurationList = 3B4F808E1F7584BC004C182B /* Build configuration list for PBXProject "splyt" */;
			compatibilityVersion = "Xcode 3.2";
			developmentRegion = English;
			hasScannedForEncodings = 0;
			knownRegions = (
				en,
				Base,
			);
			mainGroup = 3B4F808A1F7584BC004C182B;
			productRefGroup = 3B4F80941F7584BD004C182B /* Products */;
			projectDirPath = "";
			projectRoot = "";
			targets = (
				3B4F80921F7584BC004C182B /* splyt */,
				3B4F80A61F7584BD004C182B /* splytTests */,
				3B4F80B11F7584BD004C182B /* splytUITests */,
			);
		};
/* End PBXProject section */

/* Begin PBXResourcesBuildPhase section */
		3B4F80911F7584BC004C182B /* Resources */ = {
			isa = PBXResourcesBuildPhase;
			buildActionMask = 2147483647;
			files = (
				3B4F80A11F7584BD004C182B /* LaunchScreen.storyboard in Resources */,
				3B4F809E1F7584BD004C182B /* Assets.xcassets in Resources */,
				3B4F809C1F7584BD004C182B /* Main.storyboard in Resources */,
			);
			runOnlyForDeploymentPostprocessing = 0;
		};
		3B4F80A51F7584BD004C182B /* Resources */ = {
			isa = PBXResourcesBuildPhase;
			buildActionMask = 2147483647;
			files = (
			);
			runOnlyForDeploymentPostprocessing = 0;
		};
		3B4F80B01F7584BD004C182B /* Resources */ = {
			isa = PBXResourcesBuildPhase;
			buildActionMask = 2147483647;
			files = (
			);
			runOnlyForDeploymentPostprocessing = 0;
		};
/* End PBXResourcesBuildPhase section */

/* Begin PBXSourcesBuildPhase section */
		3B4F808F1F7584BC004C182B /* Sources */ = {
			isa = PBXSourcesBuildPhase;
			buildActionMask = 2147483647;
			files = (
				3B4F80991F7584BD004C182B /* ViewController.swift in Sources */,
				3B4F80971F7584BD004C182B /* AppDelegate.swift in Sources */,
			);
			runOnlyForDeploymentPostprocessing = 0;
		};
		3B4F80A31F7584BD004C182B /* Sources */ = {
			isa = PBXSourcesBuildPhase;
			buildActionMask = 2147483647;
			files = (
				3B4F80AC1F7584BD004C182B /* splytTests.swift in Sources */,
			);
			runOnlyForDeploymentPostprocessing = 0;
		};
		3B4F80AE1F7584BD004C182B /* Sources */ = {
			isa = PBXSourcesBuildPhase;
			buildActionMask = 2147483647;
			files = (
				3B4F80B71F7584BD004C182B /* splytUITests.swift in Sources */,
			);
			runOnlyForDeploymentPostprocessing = 0;
		};
/* End PBXSourcesBuildPhase section */

/* Begin PBXTargetDependency section */
		3B4F80A91F7584BD004C182B /* PBXTargetDependency */ = {
			isa = PBXTargetDependency;
			target = 3B4F80921F7584BC004C182B /* splyt */;
			targetProxy = 3B4F80A81F7584BD004C182B /* PBXContainerItemProxy */;
		};
		3B4F80B41F7584BD004C182B /* PBXTargetDependency */ = {
			isa = PBXTargetDependency;
			target = 3B4F80921F7584BC004C182B /* splyt */;
			targetProxy = 3B4F80B31F7584BD004C182B /* PBXContainerItemProxy */;
		};
/* End PBXTargetDependency section */

/* Begin PBXVariantGroup section */
		3B4F809A1F7584BD004C182B /* Main.storyboard */ = {
			isa = PBXVariantGroup;
			children = (
				3B4F809B1F7584BD004C182B /* Base */,
			);
			name = Main.storyboard;
			sourceTree = "<group>";
		};
		3B4F809F1F7584BD004C182B /* LaunchScreen.storyboard */ = {
			isa = PBXVariantGroup;
			children = (
				3B4F80A01F7584BD004C182B /* Base */,
			);
			name = LaunchScreen.storyboard;
			sourceTree = "<group>";
		};
/* End PBXVariantGroup section */

/* Begin XCBuildConfiguration section */
		3B4F80B91F7584BD004C182B /* Debug */ = {
			isa = XCBuildConfiguration;
			buildSettings = {
				ALWAYS_SEARCH_USER_PATHS = NO;
				CLANG_ANALYZER_NONNULL = YES;
				CLANG_CXX_LANGUAGE_STANDARD = "gnu++0x";
				CLANG_CXX_LIBRARY = "libc++";
				CLANG_ENABLE_MODULES = YES;
				CLANG_ENABLE_OBJC_ARC = YES;
				CLANG_WARN_BOOL_CONVERSION = YES;
				CLANG_WARN_CONSTANT_CONVERSION = YES;
				CLANG_WARN_DIRECT_OBJC_ISA_USAGE = YES_ERROR;
				CLANG_WARN_DOCUMENTATION_COMMENTS = YES;
				CLANG_WARN_EMPTY_BODY = YES;
				CLANG_WARN_ENUM_CONVERSION = YES;
				CLANG_WARN_INFINITE_RECURSION = YES;
				CLANG_WARN_INT_CONVERSION = YES;
				CLANG_WARN_OBJC_ROOT_CLASS = YES_ERROR;
				CLANG_WARN_SUSPICIOUS_MOVE = YES;
				CLANG_WARN_UNREACHABLE_CODE = YES;
				CLANG_WARN__DUPLICATE_METHOD_MATCH = YES;
				"CODE_SIGN_IDENTITY[sdk=iphoneos*]" = "iPhone Developer";
				COPY_PHASE_STRIP = NO;
				DEBUG_INFORMATION_FORMAT = dwarf;
				ENABLE_STRICT_OBJC_MSGSEND = YES;
				ENABLE_TESTABILITY = YES;
				GCC_C_LANGUAGE_STANDARD = gnu99;
				GCC_DYNAMIC_NO_PIC = NO;
				GCC_NO_COMMON_BLOCKS = YES;
				GCC_OPTIMIZATION_LEVEL = 0;
				GCC_PREPROCESSOR_DEFINITIONS = (
					"DEBUG=1",
					"$(inherited)",
				);
				GCC_WARN_64_TO_32_BIT_CONVERSION = YES;
				GCC_WARN_ABOUT_RETURN_TYPE = YES_ERROR;
				GCC_WARN_UNDECLARED_SELECTOR = YES;
				GCC_WARN_UNINITIALIZED_AUTOS = YES_AGGRESSIVE;
				GCC_WARN_UNUSED_FUNCTION = YES;
				GCC_WARN_UNUSED_VARIABLE = YES;
				IPHONEOS_DEPLOYMENT_TARGET = 10.2;
				MTL_ENABLE_DEBUG_INFO = YES;
				ONLY_ACTIVE_ARCH = YES;
				SDKROOT = iphoneos;
				SWIFT_ACTIVE_COMPILATION_CONDITIONS = DEBUG;
				SWIFT_OPTIMIZATION_LEVEL = "-Onone";
				TARGETED_DEVICE_FAMILY = "1,2";
			};
			name = Debug;
		};
		3B4F80BA1F7584BD004C182B /* Release */ = {
			isa = XCBuildConfiguration;
			buildSettings = {
				ALWAYS_SEARCH_USER_PATHS = NO;
				CLANG_ANALYZER_NONNULL = YES;
				CLANG_CXX_LANGUAGE_STANDARD = "gnu++0x";
				CLANG_CXX_LIBRARY = "libc++";
				CLANG_ENABLE_MODULES = YES;
				CLANG_ENABLE_OBJC_ARC = YES;
				CLANG_WARN_BOOL_CONVERSION = YES;
				CLANG_WARN_CONSTANT_CONVERSION = YES;
				CLANG_WARN_DIRECT_OBJC_ISA_USAGE = YES_ERROR;
				CLANG_WARN_DOCUMENTATION_COMMENTS = YES;
				CLANG_WARN_EMPTY_BODY = YES;
				CLANG_WARN_ENUM_CONVERSION = YES;
				CLANG_WARN_INFINITE_RECURSION = YES;
				CLANG_WARN_INT_CONVERSION = YES;
				CLANG_WARN_OBJC_ROOT_CLASS = YES_ERROR;
				CLANG_WARN_SUSPICIOUS_MOVE = YES;
				CLANG_WARN_UNREACHABLE_CODE = YES;
				CLANG_WARN__DUPLICATE_METHOD_MATCH = YES;
				"CODE_SIGN_IDENTITY[sdk=iphoneos*]" = "iPhone Developer";
				COPY_PHASE_STRIP = NO;
				DEBUG_INFORMATION_FORMAT = "dwarf-with-dsym";
				ENABLE_NS_ASSERTIONS = NO;
				ENABLE_STRICT_OBJC_MSGSEND = YES;
				GCC_C_LANGUAGE_STANDARD = gnu99;
				GCC_NO_COMMON_BLOCKS = YES;
				GCC_WARN_64_TO_32_BIT_CONVERSION = YES;
				GCC_WARN_ABOUT_RETURN_TYPE = YES_ERROR;
				GCC_WARN_UNDECLARED_SELECTOR = YES;
				GCC_WARN_UNINITIALIZED_AUTOS = YES_AGGRESSIVE;
				GCC_WARN_UNUSED_FUNCTION = YES;
				GCC_WARN_UNUSED_VARIABLE = YES;
				IPHONEOS_DEPLOYMENT_TARGET = 10.2;
				MTL_ENABLE_DEBUG_INFO = NO;
				SDKROOT = iphoneos;
				SWIFT_OPTIMIZATION_LEVEL = "-Owholemodule";
				TARGETED_DEVICE_FAMILY = "1,2";
				VALIDATE_PRODUCT = YES;
			};
			name = Release;
		};
		3B4F80BC1F7584BD004C182B /* Debug */ = {
			isa = XCBuildConfiguration;
			buildSettings = {
				ASSETCATALOG_COMPILER_APPICON_NAME = AppIcon;
				INFOPLIST_FILE = splyt/Info.plist;
				LD_RUNPATH_SEARCH_PATHS = "$(inherited) @executable_path/Frameworks";
				PRODUCT_BUNDLE_IDENTIFIER = Arora.splyt;
				PRODUCT_NAME = "$(TARGET_NAME)";
				SWIFT_VERSION = 3.0;
			};
			name = Debug;
		};
		3B4F80BD1F7584BD004C182B /* Release */ = {
			isa = XCBuildConfiguration;
			buildSettings = {
				ASSETCATALOG_COMPILER_APPICON_NAME = AppIcon;
				INFOPLIST_FILE = splyt/Info.plist;
				LD_RUNPATH_SEARCH_PATHS = "$(inherited) @executable_path/Frameworks";
				PRODUCT_BUNDLE_IDENTIFIER = Arora.splyt;
				PRODUCT_NAME = "$(TARGET_NAME)";
				SWIFT_VERSION = 3.0;
			};
			name = Release;
		};
		3B4F80BF1F7584BD004C182B /* Debug */ = {
			isa = XCBuildConfiguration;
			buildSettings = {
				ALWAYS_EMBED_SWIFT_STANDARD_LIBRARIES = YES;
				BUNDLE_LOADER = "$(TEST_HOST)";
				INFOPLIST_FILE = splytTests/Info.plist;
				LD_RUNPATH_SEARCH_PATHS = "$(inherited) @executable_path/Frameworks @loader_path/Frameworks";
				PRODUCT_BUNDLE_IDENTIFIER = Arora.splytTests;
				PRODUCT_NAME = "$(TARGET_NAME)";
				SWIFT_VERSION = 3.0;
				TEST_HOST = "$(BUILT_PRODUCTS_DIR)/splyt.app/splyt";
			};
			name = Debug;
		};
		3B4F80C01F7584BD004C182B /* Release */ = {
			isa = XCBuildConfiguration;
			buildSettings = {
				ALWAYS_EMBED_SWIFT_STANDARD_LIBRARIES = YES;
				BUNDLE_LOADER = "$(TEST_HOST)";
				INFOPLIST_FILE = splytTests/Info.plist;
				LD_RUNPATH_SEARCH_PATHS = "$(inherited) @executable_path/Frameworks @loader_path/Frameworks";
				PRODUCT_BUNDLE_IDENTIFIER = Arora.splytTests;
				PRODUCT_NAME = "$(TARGET_NAME)";
				SWIFT_VERSION = 3.0;
				TEST_HOST = "$(BUILT_PRODUCTS_DIR)/splyt.app/splyt";
			};
			name = Release;
		};
		3B4F80C21F7584BD004C182B /* Debug */ = {
			isa = XCBuildConfiguration;
			buildSettings = {
				ALWAYS_EMBED_SWIFT_STANDARD_LIBRARIES = YES;
				INFOPLIST_FILE = splytUITests/Info.plist;
				LD_RUNPATH_SEARCH_PATHS = "$(inherited) @executable_path/Frameworks @loader_path/Frameworks";
				PRODUCT_BUNDLE_IDENTIFIER = Arora.splytUITests;
				PRODUCT_NAME = "$(TARGET_NAME)";
				SWIFT_VERSION = 3.0;
				TEST_TARGET_NAME = splyt;
			};
			name = Debug;
		};
		3B4F80C31F7584BD004C182B /* Release */ = {
			isa = XCBuildConfiguration;
			buildSettings = {
				ALWAYS_EMBED_SWIFT_STANDARD_LIBRARIES = YES;
				INFOPLIST_FILE = splytUITests/Info.plist;
				LD_RUNPATH_SEARCH_PATHS = "$(inherited) @executable_path/Frameworks @loader_path/Frameworks";
				PRODUCT_BUNDLE_IDENTIFIER = Arora.splytUITests;
				PRODUCT_NAME = "$(TARGET_NAME)";
				SWIFT_VERSION = 3.0;
				TEST_TARGET_NAME = splyt;
			};
			name = Release;
		};
/* End XCBuildConfiguration section */

/* Begin XCConfigurationList section */
		3B4F808E1F7584BC004C182B /* Build configuration list for PBXProject "splyt" */ = {
			isa = XCConfigurationList;
			buildConfigurations = (
				3B4F80B91F7584BD004C182B /* Debug */,
				3B4F80BA1F7584BD004C182B /* Release */,
			);
			defaultConfigurationIsVisible = 0;
			defaultConfigurationName = Release;
		};
		3B4F80BB1F7584BD004C182B /* Build configuration list for PBXNativeTarget "splyt" */ = {
			isa = XCConfigurationList;
			buildConfigurations = (
				3B4F80BC1F7584BD004C182B /* Debug */,
				3B4F80BD1F7584BD004C182B /* Release */,
			);
			defaultConfigurationIsVisible = 0;
		};
		3B4F80BE1F7584BD004C182B /* Build configuration list for PBXNativeTarget "splytTests" */ = {
			isa = XCConfigurationList;
			buildConfigurations = (
				3B4F80BF1F7584BD004C182B /* Debug */,
				3B4F80C01F7584BD004C182B /* Release */,
			);
			defaultConfigurationIsVisible = 0;
		};
		3B4F80C11F7584BD004C182B /* Build configuration list for PBXNativeTarget "splytUITests" */ = {
			isa = XCConfigurationList;
			buildConfigurations = (
				3B4F80C21F7584BD004C182B /* Debug */,
				3B4F80C31F7584BD004C182B /* Release */,
			);
			defaultConfigurationIsVisible = 0;
		};
/* End XCConfigurationList section */
	};
	rootObject = 3B4F808B1F7584BC004C182B /* Project object */;
}
